PODS:
  - Apollo (1.18.0):
    - Apollo/Core (= 1.18.0)
  - Apollo/Core (1.18.0)
  - DataDomeApollo (3.6.2):
    - Apollo (~> 1.0)
    - DataDomeSDK (= 3.7.0-alpha.0)
  - DataDomeSDK (3.7.0-alpha.0)

DEPENDENCIES:
  - DataDomeApollo (from `../`)

SPEC REPOS:
  trunk:
    - Apollo
    - DataDomeSDK

EXTERNAL SOURCES:
  DataDomeApollo:
    :path: "../"

SPEC CHECKSUMS:
  Apollo: c2e665f8cbdcac012ab2d57f960b648f757f1e2b
  DataDomeApollo: 173b29a27a63bab4522e95bff2c1cec547166be6
  DataDomeSDK: d024dfb7597c9eab8c215d102a20e387106bf21c

PODFILE CHECKSUM: e0b0d1fe7a6719325c473e1495655b8e8e8fd8e1

COCOAPODS: 1.16.1
