PODS:
  - Apollo (1.15.3):
    - Apollo/Core (= 1.15.3)
  - Apollo/Core (1.15.3)
  - DataDomeApollo (3.6.2):
    - Apollo (~> 1.0)
    - DataDomeSDK (~> 3.6.2)
  - DataDomeSDK (3.6.2)

DEPENDENCIES:
  - DataDomeApollo (from `../`)

SPEC REPOS:
  trunk:
    - Apollo
    - DataDomeSDK

EXTERNAL SOURCES:
  DataDomeApollo:
    :path: "../"

SPEC CHECKSUMS:
  Apollo: a1e120e7ca2c8592056bd39e8032e2e3fed601a6
  DataDomeApollo: 723760207a64569749836ad6bea27736f896e2e0
  DataDomeSDK: 9b606c7d7b9eeb5f46b4cdfcfc1ddbbad017a936

PODFILE CHECKSUM: e0b0d1fe7a6719325c473e1495655b8e8e8fd8e1

COCOAPODS: 1.16.1
