// !$*UTF8*$!
{
	archiveVersion = 1;
	classes = {
	};
	objectVersion = 77;
	objects = {

/* Begin PBXBuildFile section */
		8E7DB1A18EE3418DB45C7736 /* Pods_Example.framework in Frameworks */ = {isa = PBXBuildFile; fileRef = 3792FA8EEF6138E0A9923F5F /* Pods_Example.framework */; };
		C7F098292CEF97D600C1CC03 /* Query.graphql.swift in Sources */ = {isa = PBXBuildFile; fileRef = C7F098212CEF97D600C1CC03 /* Query.graphql.swift */; };
		C7F0982A2CEF97D600C1CC03 /* User.graphql.swift in Sources */ = {isa = PBXBuildFile; fileRef = C7F098222CEF97D600C1CC03 /* User.graphql.swift */; };
		C7F0982B2CEF97D600C1CC03 /* SchemaConfiguration.swift in Sources */ = {isa = PBXBuildFile; fileRef = C7F098242CEF97D600C1CC03 /* SchemaConfiguration.swift */; };
		C7F0982C2CEF97D600C1CC03 /* ID.swift in Sources */ = {isa = PBXBuildFile; fileRef = C7F0981F2CEF97D600C1CC03 /* ID.swift */; };
		C7F0982D2CEF97D600C1CC03 /* LaunchListQuery.graphql.swift in Sources */ = {isa = PBXBuildFile; fileRef = C7F0981C2CEF97D600C1CC03 /* LaunchListQuery.graphql.swift */; };
		C7F0982E2CEF97D600C1CC03 /* ApolloSchema.graphql.swift in Sources */ = {isa = PBXBuildFile; fileRef = C7F098272CEF97D600C1CC03 /* ApolloSchema.graphql.swift */; };
		C7F0982F2CEF97D600C1CC03 /* SchemaMetadata.graphql.swift in Sources */ = {isa = PBXBuildFile; fileRef = C7F098252CEF97D600C1CC03 /* SchemaMetadata.graphql.swift */; };
/* End PBXBuildFile section */

/* Begin PBXFileReference section */
		0B48F309CE07986FD8E1C4FE /* Pods-Example.release.xcconfig */ = {isa = PBXFileReference; includeInIndex = 1; lastKnownFileType = text.xcconfig; name = "Pods-Example.release.xcconfig"; path = "Target Support Files/Pods-Example/Pods-Example.release.xcconfig"; sourceTree = "<group>"; };
		3792FA8EEF6138E0A9923F5F /* Pods_Example.framework */ = {isa = PBXFileReference; explicitFileType = wrapper.framework; includeInIndex = 0; path = Pods_Example.framework; sourceTree = BUILT_PRODUCTS_DIR; };
		C4608BF75CC841F1C1C241D0 /* Pods-Example.debug.xcconfig */ = {isa = PBXFileReference; includeInIndex = 1; lastKnownFileType = text.xcconfig; name = "Pods-Example.debug.xcconfig"; path = "Target Support Files/Pods-Example/Pods-Example.debug.xcconfig"; sourceTree = "<group>"; };
		C7B575142CF62AA900938BB3 /* Example-Info.plist */ = {isa = PBXFileReference; lastKnownFileType = text.plist.xml; path = "Example-Info.plist"; sourceTree = "<group>"; };
		C7C383E52CE50B7600F4932D /* Example.app */ = {isa = PBXFileReference; explicitFileType = wrapper.application; includeInIndex = 0; path = Example.app; sourceTree = BUILT_PRODUCTS_DIR; };
		C7F0981C2CEF97D600C1CC03 /* LaunchListQuery.graphql.swift */ = {isa = PBXFileReference; lastKnownFileType = sourcecode.swift; path = LaunchListQuery.graphql.swift; sourceTree = "<group>"; };
		C7F0981F2CEF97D600C1CC03 /* ID.swift */ = {isa = PBXFileReference; lastKnownFileType = sourcecode.swift; path = ID.swift; sourceTree = "<group>"; };
		C7F098212CEF97D600C1CC03 /* Query.graphql.swift */ = {isa = PBXFileReference; lastKnownFileType = sourcecode.swift; path = Query.graphql.swift; sourceTree = "<group>"; };
		C7F098222CEF97D600C1CC03 /* User.graphql.swift */ = {isa = PBXFileReference; lastKnownFileType = sourcecode.swift; path = User.graphql.swift; sourceTree = "<group>"; };
		C7F098242CEF97D600C1CC03 /* SchemaConfiguration.swift */ = {isa = PBXFileReference; lastKnownFileType = sourcecode.swift; path = SchemaConfiguration.swift; sourceTree = "<group>"; };
		C7F098252CEF97D600C1CC03 /* SchemaMetadata.graphql.swift */ = {isa = PBXFileReference; lastKnownFileType = sourcecode.swift; path = SchemaMetadata.graphql.swift; sourceTree = "<group>"; };
		C7F098272CEF97D600C1CC03 /* ApolloSchema.graphql.swift */ = {isa = PBXFileReference; lastKnownFileType = sourcecode.swift; path = ApolloSchema.graphql.swift; sourceTree = "<group>"; };
/* End PBXFileReference section */

/* Begin PBXFileSystemSynchronizedRootGroup section */
		C7C384152CE50BB400F4932D /* Sources */ = {
			isa = PBXFileSystemSynchronizedRootGroup;
			path = Sources;
			sourceTree = "<group>";
		};
		C7C384182CE50BD100F4932D /* Resources */ = {
			isa = PBXFileSystemSynchronizedRootGroup;
			path = Resources;
			sourceTree = "<group>";
		};
/* End PBXFileSystemSynchronizedRootGroup section */

/* Begin PBXFrameworksBuildPhase section */
		C7C383E22CE50B7600F4932D /* Frameworks */ = {
			isa = PBXFrameworksBuildPhase;
			buildActionMask = 2147483647;
			files = (
				8E7DB1A18EE3418DB45C7736 /* Pods_Example.framework in Frameworks */,
			);
			runOnlyForDeploymentPostprocessing = 0;
		};
/* End PBXFrameworksBuildPhase section */

/* Begin PBXGroup section */
		C35AC05EC76C22AE89E856B9 /* Pods */ = {
			isa = PBXGroup;
			children = (
				C4608BF75CC841F1C1C241D0 /* Pods-Example.debug.xcconfig */,
				0B48F309CE07986FD8E1C4FE /* Pods-Example.release.xcconfig */,
			);
			path = Pods;
			sourceTree = "<group>";
		};
		C7C383DC2CE50B7600F4932D = {
			isa = PBXGroup;
			children = (
				C7B575142CF62AA900938BB3 /* Example-Info.plist */,
				C7F098282CEF97D600C1CC03 /* ExampleSchema */,
				C7C384182CE50BD100F4932D /* Resources */,
				C7C384152CE50BB400F4932D /* Sources */,
				C7C383E62CE50B7600F4932D /* Products */,
				C35AC05EC76C22AE89E856B9 /* Pods */,
				CAA3962CD68E2E5DAA9F7BCF /* Frameworks */,
			);
			sourceTree = "<group>";
		};
		C7C383E62CE50B7600F4932D /* Products */ = {
			isa = PBXGroup;
			children = (
				C7C383E52CE50B7600F4932D /* Example.app */,
			);
			name = Products;
			sourceTree = "<group>";
		};
		C7F0981D2CEF97D600C1CC03 /* Queries */ = {
			isa = PBXGroup;
			children = (
				C7F0981C2CEF97D600C1CC03 /* LaunchListQuery.graphql.swift */,
			);
			path = Queries;
			sourceTree = "<group>";
		};
		C7F0981E2CEF97D600C1CC03 /* Operations */ = {
			isa = PBXGroup;
			children = (
				C7F0981D2CEF97D600C1CC03 /* Queries */,
			);
			path = Operations;
			sourceTree = "<group>";
		};
		C7F098202CEF97D600C1CC03 /* CustomScalars */ = {
			isa = PBXGroup;
			children = (
				C7F0981F2CEF97D600C1CC03 /* ID.swift */,
			);
			path = CustomScalars;
			sourceTree = "<group>";
		};
		C7F098232CEF97D600C1CC03 /* Objects */ = {
			isa = PBXGroup;
			children = (
				C7F098212CEF97D600C1CC03 /* Query.graphql.swift */,
				C7F098222CEF97D600C1CC03 /* User.graphql.swift */,
			);
			path = Objects;
			sourceTree = "<group>";
		};
		C7F098262CEF97D600C1CC03 /* Schema */ = {
			isa = PBXGroup;
			children = (
				C7F098202CEF97D600C1CC03 /* CustomScalars */,
				C7F098232CEF97D600C1CC03 /* Objects */,
				C7F098242CEF97D600C1CC03 /* SchemaConfiguration.swift */,
				C7F098252CEF97D600C1CC03 /* SchemaMetadata.graphql.swift */,
			);
			path = Schema;
			sourceTree = "<group>";
		};
		C7F098282CEF97D600C1CC03 /* ExampleSchema */ = {
			isa = PBXGroup;
			children = (
				C7F0981E2CEF97D600C1CC03 /* Operations */,
				C7F098262CEF97D600C1CC03 /* Schema */,
				C7F098272CEF97D600C1CC03 /* ApolloSchema.graphql.swift */,
			);
			path = ExampleSchema;
			sourceTree = "<group>";
		};
		CAA3962CD68E2E5DAA9F7BCF /* Frameworks */ = {
			isa = PBXGroup;
			children = (
				3792FA8EEF6138E0A9923F5F /* Pods_Example.framework */,
			);
			name = Frameworks;
			sourceTree = "<group>";
		};
/* End PBXGroup section */

/* Begin PBXNativeTarget section */
		C7C383E42CE50B7600F4932D /* Example */ = {
			isa = PBXNativeTarget;
			buildConfigurationList = C7C384092CE50B7800F4932D /* Build configuration list for PBXNativeTarget "Example" */;
			buildPhases = (
				AF43F9F5D65A44D49EE048CB /* [CP] Check Pods Manifest.lock */,
				C7C383E12CE50B7600F4932D /* Sources */,
				C7C383E22CE50B7600F4932D /* Frameworks */,
				C7C383E32CE50B7600F4932D /* Resources */,
				7225BBDC51C891776B144F0B /* [CP] Embed Pods Frameworks */,
			);
			buildRules = (
			);
			dependencies = (
			);
			fileSystemSynchronizedGroups = (
				C7C384152CE50BB400F4932D /* Sources */,
				C7C384182CE50BD100F4932D /* Resources */,
			);
			name = Example;
			productName = Example;
			productReference = C7C383E52CE50B7600F4932D /* Example.app */;
			productType = "com.apple.product-type.application";
		};
/* End PBXNativeTarget section */

/* Begin PBXProject section */
		C7C383DD2CE50B7600F4932D /* Project object */ = {
			isa = PBXProject;
			attributes = {
				BuildIndependentTargetsInParallel = 1;
				LastSwiftUpdateCheck = 1610;
				LastUpgradeCheck = 1610;
				TargetAttributes = {
					C7C383E42CE50B7600F4932D = {
						CreatedOnToolsVersion = 16.1;
					};
				};
			};
			buildConfigurationList = C7C383E02CE50B7600F4932D /* Build configuration list for PBXProject "Example" */;
			developmentRegion = en;
			hasScannedForEncodings = 0;
			knownRegions = (
				en,
				Base,
			);
			mainGroup = C7C383DC2CE50B7600F4932D;
			minimizedProjectReferenceProxies = 1;
			preferredProjectObjectVersion = 77;
			productRefGroup = C7C383E62CE50B7600F4932D /* Products */;
			projectDirPath = "";
			projectRoot = "";
			targets = (
				C7C383E42CE50B7600F4932D /* Example */,
			);
		};
/* End PBXProject section */

/* Begin PBXResourcesBuildPhase section */
		C7C383E32CE50B7600F4932D /* Resources */ = {
			isa = PBXResourcesBuildPhase;
			buildActionMask = 2147483647;
			files = (
			);
			runOnlyForDeploymentPostprocessing = 0;
		};
/* End PBXResourcesBuildPhase section */

/* Begin PBXShellScriptBuildPhase section */
		7225BBDC51C891776B144F0B /* [CP] Embed Pods Frameworks */ = {
			isa = PBXShellScriptBuildPhase;
			buildActionMask = 2147483647;
			files = (
			);
			inputFileListPaths = (
				"${PODS_ROOT}/Target Support Files/Pods-Example/Pods-Example-frameworks-${CONFIGURATION}-input-files.xcfilelist",
			);
			name = "[CP] Embed Pods Frameworks";
			outputFileListPaths = (
				"${PODS_ROOT}/Target Support Files/Pods-Example/Pods-Example-frameworks-${CONFIGURATION}-output-files.xcfilelist",
			);
			runOnlyForDeploymentPostprocessing = 0;
			shellPath = /bin/sh;
			shellScript = "\"${PODS_ROOT}/Target Support Files/Pods-Example/Pods-Example-frameworks.sh\"\n";
			showEnvVarsInLog = 0;
		};
		AF43F9F5D65A44D49EE048CB /* [CP] Check Pods Manifest.lock */ = {
			isa = PBXShellScriptBuildPhase;
			buildActionMask = 2147483647;
			files = (
			);
			inputFileListPaths = (
			);
			inputPaths = (
				"${PODS_PODFILE_DIR_PATH}/Podfile.lock",
				"${PODS_ROOT}/Manifest.lock",
			);
			name = "[CP] Check Pods Manifest.lock";
			outputFileListPaths = (
			);
			outputPaths = (
				"$(DERIVED_FILE_DIR)/Pods-Example-checkManifestLockResult.txt",
			);
			runOnlyForDeploymentPostprocessing = 0;
			shellPath = /bin/sh;
			shellScript = "diff \"${PODS_PODFILE_DIR_PATH}/Podfile.lock\" \"${PODS_ROOT}/Manifest.lock\" > /dev/null\nif [ $? != 0 ] ; then\n    # print error to STDERR\n    echo \"error: The sandbox is not in sync with the Podfile.lock. Run 'pod install' or update your CocoaPods installation.\" >&2\n    exit 1\nfi\n# This output is used by Xcode 'outputs' to avoid re-running this script phase.\necho \"SUCCESS\" > \"${SCRIPT_OUTPUT_FILE_0}\"\n";
			showEnvVarsInLog = 0;
		};
/* End PBXShellScriptBuildPhase section */

/* Begin PBXSourcesBuildPhase section */
		C7C383E12CE50B7600F4932D /* Sources */ = {
			isa = PBXSourcesBuildPhase;
			buildActionMask = 2147483647;
			files = (
				C7F098292CEF97D600C1CC03 /* Query.graphql.swift in Sources */,
				C7F0982A2CEF97D600C1CC03 /* User.graphql.swift in Sources */,
				C7F0982B2CEF97D600C1CC03 /* SchemaConfiguration.swift in Sources */,
				C7F0982C2CEF97D600C1CC03 /* ID.swift in Sources */,
				C7F0982D2CEF97D600C1CC03 /* LaunchListQuery.graphql.swift in Sources */,
				C7F0982E2CEF97D600C1CC03 /* ApolloSchema.graphql.swift in Sources */,
				C7F0982F2CEF97D600C1CC03 /* SchemaMetadata.graphql.swift in Sources */,
			);
			runOnlyForDeploymentPostprocessing = 0;
		};
/* End PBXSourcesBuildPhase section */

/* Begin XCBuildConfiguration section */
		C7C384072CE50B7800F4932D /* Debug */ = {
			isa = XCBuildConfiguration;
			buildSettings = {
				ALWAYS_SEARCH_USER_PATHS = NO;
				ASSETCATALOG_COMPILER_GENERATE_SWIFT_ASSET_SYMBOL_EXTENSIONS = YES;
				CLANG_ANALYZER_NONNULL = YES;
				CLANG_ANALYZER_NUMBER_OBJECT_CONVERSION = YES_AGGRESSIVE;
				CLANG_CXX_LANGUAGE_STANDARD = "gnu++20";
				CLANG_ENABLE_MODULES = YES;
				CLANG_ENABLE_OBJC_ARC = YES;
				CLANG_ENABLE_OBJC_WEAK = YES;
				CLANG_WARN_BLOCK_CAPTURE_AUTORELEASING = YES;
				CLANG_WARN_BOOL_CONVERSION = YES;
				CLANG_WARN_COMMA = YES;
				CLANG_WARN_CONSTANT_CONVERSION = YES;
				CLANG_WARN_DEPRECATED_OBJC_IMPLEMENTATIONS = YES;
				CLANG_WARN_DIRECT_OBJC_ISA_USAGE = YES_ERROR;
				CLANG_WARN_DOCUMENTATION_COMMENTS = YES;
				CLANG_WARN_EMPTY_BODY = YES;
				CLANG_WARN_ENUM_CONVERSION = YES;
				CLANG_WARN_INFINITE_RECURSION = YES;
				CLANG_WARN_INT_CONVERSION = YES;
				CLANG_WARN_NON_LITERAL_NULL_CONVERSION = YES;
				CLANG_WARN_OBJC_IMPLICIT_RETAIN_SELF = YES;
				CLANG_WARN_OBJC_LITERAL_CONVERSION = YES;
				CLANG_WARN_OBJC_ROOT_CLASS = YES_ERROR;
				CLANG_WARN_QUOTED_INCLUDE_IN_FRAMEWORK_HEADER = YES;
				CLANG_WARN_RANGE_LOOP_ANALYSIS = YES;
				CLANG_WARN_STRICT_PROTOTYPES = YES;
				CLANG_WARN_SUSPICIOUS_MOVE = YES;
				CLANG_WARN_UNGUARDED_AVAILABILITY = YES_AGGRESSIVE;
				CLANG_WARN_UNREACHABLE_CODE = YES;
				CLANG_WARN__DUPLICATE_METHOD_MATCH = YES;
				COPY_PHASE_STRIP = NO;
				DEBUG_INFORMATION_FORMAT = dwarf;
				ENABLE_STRICT_OBJC_MSGSEND = YES;
				ENABLE_TESTABILITY = YES;
				ENABLE_USER_SCRIPT_SANDBOXING = YES;
				GCC_C_LANGUAGE_STANDARD = gnu17;
				GCC_DYNAMIC_NO_PIC = NO;
				GCC_NO_COMMON_BLOCKS = YES;
				GCC_OPTIMIZATION_LEVEL = 0;
				GCC_PREPROCESSOR_DEFINITIONS = (
					"DEBUG=1",
					"$(inherited)",
				);
				GCC_WARN_64_TO_32_BIT_CONVERSION = YES;
				GCC_WARN_ABOUT_RETURN_TYPE = YES_ERROR;
				GCC_WARN_UNDECLARED_SELECTOR = YES;
				GCC_WARN_UNINITIALIZED_AUTOS = YES_AGGRESSIVE;
				GCC_WARN_UNUSED_FUNCTION = YES;
				GCC_WARN_UNUSED_VARIABLE = YES;
				IPHONEOS_DEPLOYMENT_TARGET = 18.1;
				LOCALIZATION_PREFERS_STRING_CATALOGS = YES;
				MTL_ENABLE_DEBUG_INFO = INCLUDE_SOURCE;
				MTL_FAST_MATH = YES;
				ONLY_ACTIVE_ARCH = YES;
				SDKROOT = iphoneos;
				SWIFT_ACTIVE_COMPILATION_CONDITIONS = "DEBUG $(inherited)";
				SWIFT_OPTIMIZATION_LEVEL = "-Onone";
			};
			name = Debug;
		};
		C7C384082CE50B7800F4932D /* Release */ = {
			isa = XCBuildConfiguration;
			buildSettings = {
				ALWAYS_SEARCH_USER_PATHS = NO;
				ASSETCATALOG_COMPILER_GENERATE_SWIFT_ASSET_SYMBOL_EXTENSIONS = YES;
				CLANG_ANALYZER_NONNULL = YES;
				CLANG_ANALYZER_NUMBER_OBJECT_CONVERSION = YES_AGGRESSIVE;
				CLANG_CXX_LANGUAGE_STANDARD = "gnu++20";
				CLANG_ENABLE_MODULES = YES;
				CLANG_ENABLE_OBJC_ARC = YES;
				CLANG_ENABLE_OBJC_WEAK = YES;
				CLANG_WARN_BLOCK_CAPTURE_AUTORELEASING = YES;
				CLANG_WARN_BOOL_CONVERSION = YES;
				CLANG_WARN_COMMA = YES;
				CLANG_WARN_CONSTANT_CONVERSION = YES;
				CLANG_WARN_DEPRECATED_OBJC_IMPLEMENTATIONS = YES;
				CLANG_WARN_DIRECT_OBJC_ISA_USAGE = YES_ERROR;
				CLANG_WARN_DOCUMENTATION_COMMENTS = YES;
				CLANG_WARN_EMPTY_BODY = YES;
				CLANG_WARN_ENUM_CONVERSION = YES;
				CLANG_WARN_INFINITE_RECURSION = YES;
				CLANG_WARN_INT_CONVERSION = YES;
				CLANG_WARN_NON_LITERAL_NULL_CONVERSION = YES;
				CLANG_WARN_OBJC_IMPLICIT_RETAIN_SELF = YES;
				CLANG_WARN_OBJC_LITERAL_CONVERSION = YES;
				CLANG_WARN_OBJC_ROOT_CLASS = YES_ERROR;
				CLANG_WARN_QUOTED_INCLUDE_IN_FRAMEWORK_HEADER = YES;
				CLANG_WARN_RANGE_LOOP_ANALYSIS = YES;
				CLANG_WARN_STRICT_PROTOTYPES = YES;
				CLANG_WARN_SUSPICIOUS_MOVE = YES;
				CLANG_WARN_UNGUARDED_AVAILABILITY = YES_AGGRESSIVE;
				CLANG_WARN_UNREACHABLE_CODE = YES;
				CLANG_WARN__DUPLICATE_METHOD_MATCH = YES;
				COPY_PHASE_STRIP = NO;
				DEBUG_INFORMATION_FORMAT = "dwarf-with-dsym";
				ENABLE_NS_ASSERTIONS = NO;
				ENABLE_STRICT_OBJC_MSGSEND = YES;
				ENABLE_USER_SCRIPT_SANDBOXING = YES;
				GCC_C_LANGUAGE_STANDARD = gnu17;
				GCC_NO_COMMON_BLOCKS = YES;
				GCC_WARN_64_TO_32_BIT_CONVERSION = YES;
				GCC_WARN_ABOUT_RETURN_TYPE = YES_ERROR;
				GCC_WARN_UNDECLARED_SELECTOR = YES;
				GCC_WARN_UNINITIALIZED_AUTOS = YES_AGGRESSIVE;
				GCC_WARN_UNUSED_FUNCTION = YES;
				GCC_WARN_UNUSED_VARIABLE = YES;
				IPHONEOS_DEPLOYMENT_TARGET = 18.1;
				LOCALIZATION_PREFERS_STRING_CATALOGS = YES;
				MTL_ENABLE_DEBUG_INFO = NO;
				MTL_FAST_MATH = YES;
				SDKROOT = iphoneos;
				SWIFT_COMPILATION_MODE = wholemodule;
				VALIDATE_PRODUCT = YES;
			};
			name = Release;
		};
		C7C3840A2CE50B7800F4932D /* Debug */ = {
			isa = XCBuildConfiguration;
			baseConfigurationReference = C4608BF75CC841F1C1C241D0 /* Pods-Example.debug.xcconfig */;
			buildSettings = {
				ASSETCATALOG_COMPILER_APPICON_NAME = AppIcon;
				ASSETCATALOG_COMPILER_GLOBAL_ACCENT_COLOR_NAME = AccentColor;
				CODE_SIGN_STYLE = Automatic;
				CURRENT_PROJECT_VERSION = 1;
				DEVELOPMENT_ASSET_PATHS = "\"Resources/Preview Content\"";
				DEVELOPMENT_TEAM = 35RYVQWTYW;
				ENABLE_PREVIEWS = YES;
				ENABLE_USER_SCRIPT_SANDBOXING = NO;
				GENERATE_INFOPLIST_FILE = YES;
				INFOPLIST_FILE = "Example-Info.plist";
				INFOPLIST_KEY_UIApplicationSceneManifest_Generation = YES;
				INFOPLIST_KEY_UIApplicationSupportsIndirectInputEvents = YES;
				INFOPLIST_KEY_UILaunchScreen_Generation = YES;
				INFOPLIST_KEY_UISupportedInterfaceOrientations_iPad = "UIInterfaceOrientationPortrait UIInterfaceOrientationPortraitUpsideDown UIInterfaceOrientationLandscapeLeft UIInterfaceOrientationLandscapeRight";
				INFOPLIST_KEY_UISupportedInterfaceOrientations_iPhone = "UIInterfaceOrientationPortrait UIInterfaceOrientationLandscapeLeft UIInterfaceOrientationLandscapeRight";
				IPHONEOS_DEPLOYMENT_TARGET = 14.0;
				LD_RUNPATH_SEARCH_PATHS = (
					"$(inherited)",
					"@executable_path/Frameworks",
				);
				MARKETING_VERSION = 1.0;
				PRODUCT_BUNDLE_IDENTIFIER = co.datadome.sdk.apollo.Example;
				PRODUCT_NAME = "$(TARGET_NAME)";
				SWIFT_EMIT_LOC_STRINGS = YES;
				SWIFT_VERSION = 5.0;
				TARGETED_DEVICE_FAMILY = "1,2";
			};
			name = Debug;
		};
		C7C3840B2CE50B7800F4932D /* Release */ = {
			isa = XCBuildConfiguration;
			baseConfigurationReference = 0B48F309CE07986FD8E1C4FE /* Pods-Example.release.xcconfig */;
			buildSettings = {
				ASSETCATALOG_COMPILER_APPICON_NAME = AppIcon;
				ASSETCATALOG_COMPILER_GLOBAL_ACCENT_COLOR_NAME = AccentColor;
				CODE_SIGN_STYLE = Automatic;
				CURRENT_PROJECT_VERSION = 1;
				DEVELOPMENT_ASSET_PATHS = "\"Resources/Preview Content\"";
				DEVELOPMENT_TEAM = 35RYVQWTYW;
				ENABLE_PREVIEWS = YES;
				ENABLE_USER_SCRIPT_SANDBOXING = NO;
				GENERATE_INFOPLIST_FILE = YES;
				INFOPLIST_FILE = "Example-Info.plist";
				INFOPLIST_KEY_UIApplicationSceneManifest_Generation = YES;
				INFOPLIST_KEY_UIApplicationSupportsIndirectInputEvents = YES;
				INFOPLIST_KEY_UILaunchScreen_Generation = YES;
				INFOPLIST_KEY_UISupportedInterfaceOrientations_iPad = "UIInterfaceOrientationPortrait UIInterfaceOrientationPortraitUpsideDown UIInterfaceOrientationLandscapeLeft UIInterfaceOrientationLandscapeRight";
				INFOPLIST_KEY_UISupportedInterfaceOrientations_iPhone = "UIInterfaceOrientationPortrait UIInterfaceOrientationLandscapeLeft UIInterfaceOrientationLandscapeRight";
				IPHONEOS_DEPLOYMENT_TARGET = 14.0;
				LD_RUNPATH_SEARCH_PATHS = (
					"$(inherited)",
					"@executable_path/Frameworks",
				);
				MARKETING_VERSION = 1.0;
				PRODUCT_BUNDLE_IDENTIFIER = co.datadome.sdk.apollo.Example;
				PRODUCT_NAME = "$(TARGET_NAME)";
				SWIFT_EMIT_LOC_STRINGS = YES;
				SWIFT_VERSION = 5.0;
				TARGETED_DEVICE_FAMILY = "1,2";
			};
			name = Release;
		};
/* End XCBuildConfiguration section */

/* Begin XCConfigurationList section */
		C7C383E02CE50B7600F4932D /* Build configuration list for PBXProject "Example" */ = {
			isa = XCConfigurationList;
			buildConfigurations = (
				C7C384072CE50B7800F4932D /* Debug */,
				C7C384082CE50B7800F4932D /* Release */,
			);
			defaultConfigurationIsVisible = 0;
			defaultConfigurationName = Release;
		};
		C7C384092CE50B7800F4932D /* Build configuration list for PBXNativeTarget "Example" */ = {
			isa = XCConfigurationList;
			buildConfigurations = (
				C7C3840A2CE50B7800F4932D /* Debug */,
				C7C3840B2CE50B7800F4932D /* Release */,
			);
			defaultConfigurationIsVisible = 0;
			defaultConfigurationName = Release;
		};
/* End XCConfigurationList section */
	};
	rootObject = C7C383DD2CE50B7600F4932D /* Project object */;
}
